
Microsoft Visual Studio Solution File, Format Version 12.00
# Visual Studio 15
VisualStudioVersion = 15.0.33529.398
MinimumVisualStudioVersion = 10.0.40219.1
Project("{FAE04EC0-301F-11D3-BF4B-00C04F79EFBC}") = "PC111_2115239_TranVanNam", "PC111_2115239_TranVanNam\PC111_2115239_TranVanNam.csproj", "{0ADA0980-4C9C-4051-8C62-60F27231BF63}"
EndProject
Project("{FAE04EC0-301F-11D3-BF4B-00C04F79EFBC}") = "PC112_2115239_TranVanNam", "PC112_2115239_TranVanNam\PC112_2115239_TranVanNam.csproj", "{E5768C02-2427-463E-B493-7F6E572DF516}"
EndProject
Project("{FAE04EC0-301F-11D3-BF4B-00C04F79EFBC}") = "PC113_2115239_TranVanNam", "PC113_2115239_TranVanNam\PC113_2115239_TranVanNam.csproj", "{54336A9D-C9A7-41A8-B203-5AC974E08E7B}"
EndProject
Project("{FAE04EC0-301F-11D3-BF4B-00C04F79EFBC}") = "PC114_2115239_TranVanNam", "PC114_2115239_TranVanNam\PC114_2115239_TranVanNam.csproj", "{C9B4D488-A30E-40D1-A0EE-8C5FC58619F8}"
EndProject
Global
	GlobalSection(SolutionConfigurationPlatforms) = preSolution
		Debug|Any CPU = Debug|Any CPU
		Release|Any CPU = Release|Any CPU
	EndGlobalSection
	GlobalSection(ProjectConfigurationPlatforms) = postSolution
		{0ADA0980-4C9C-4051-8C62-60F27231BF63}.Debug|Any CPU.ActiveCfg = Debug|Any CPU
		{0ADA0980-4C9C-4051-8C62-60F27231BF63}.Debug|Any CPU.Build.0 = Debug|Any CPU
		{0ADA0980-4C9C-4051-8C62-60F27231BF63}.Release|Any CPU.ActiveCfg = Release|Any CPU
		{0ADA0980-4C9C-4051-8C62-60F27231BF63}.Release|Any CPU.Build.0 = Release|Any CPU
		{E5768C02-2427-463E-B493-7F6E572DF516}.Debug|Any CPU.ActiveCfg = Debug|Any CPU
		{E5768C02-2427-463E-B493-7F6E572DF516}.Debug|Any CPU.Build.0 = Debug|Any CPU
		{E5768C02-2427-463E-B493-7F6E572DF516}.Release|Any CPU.ActiveCfg = Release|Any CPU
		{E5768C02-2427-463E-B493-7F6E572DF516}.Release|Any CPU.Build.0 = Release|Any CPU
		{54336A9D-C9A7-41A8-B203-5AC974E08E7B}.Debug|Any CPU.ActiveCfg = Debug|Any CPU
		{54336A9D-C9A7-41A8-B203-5AC974E08E7B}.Debug|Any CPU.Build.0 = Debug|Any CPU
		{54336A9D-C9A7-41A8-B203-5AC974E08E7B}.Release|Any CPU.ActiveCfg = Release|Any CPU
		{54336A9D-C9A7-41A8-B203-5AC974E08E7B}.Release|Any CPU.Build.0 = Release|Any CPU
		{C9B4D488-A30E-40D1-A0EE-8C5FC58619F8}.Debug|Any CPU.ActiveCfg = Debug|Any CPU
		{C9B4D488-A30E-40D1-A0EE-8C5FC58619F8}.Debug|Any CPU.Build.0 = Debug|Any CPU
		{C9B4D488-A30E-40D1-A0EE-8C5FC58619F8}.Release|Any CPU.ActiveCfg = Release|Any CPU
		{C9B4D488-A30E-40D1-A0EE-8C5FC58619F8}.Release|Any CPU.Build.0 = Release|Any CPU
	EndGlobalSection
	GlobalSection(SolutionProperties) = preSolution
		HideSolutionNode = FALSE
	EndGlobalSection
	GlobalSection(ExtensibilityGlobals) = postSolution
		SolutionGuid = {19A84A1B-8B39-4D7D-A778-6D5BE1B4B693}
	EndGlobalSection
EndGlobal
